// !$*UTF8*$!
{
	archiveVersion = 1;
	classes = {
	};
	objectVersion = 50;
	objects = {

/* Begin PBXBuildFile section */
		3D1ADC6F26989B70005B1673 /* LocalNotificationManager.swift in Sources */ = {isa = PBXBuildFile; fileRef = 3D1ADC6E26989B70005B1673 /* LocalNotificationManager.swift */; };
		3D1ADC7226989B90005B1673 /* Notification.swift in Sources */ = {isa = PBXBuildFile; fileRef = 3D1ADC7126989B90005B1673 /* Notification.swift */; };
		3D344E8E2695F31D0011B1FC /* PlaygroundGeofencingApp.swift in Sources */ = {isa = PBXBuildFile; fileRef = 3D344E8D2695F31D0011B1FC /* PlaygroundGeofencingApp.swift */; };
		3D344E922695F31E0011B1FC /* Assets.xcassets in Resources */ = {isa = PBXBuildFile; fileRef = 3D344E912695F31E0011B1FC /* Assets.xcassets */; };
		3D344E952695F31E0011B1FC /* Preview Assets.xcassets in Resources */ = {isa = PBXBuildFile; fileRef = 3D344E942695F31E0011B1FC /* Preview Assets.xcassets */; };
		3D344EA02695F31E0011B1FC /* PlaygroundGeofencingTests.swift in Sources */ = {isa = PBXBuildFile; fileRef = 3D344E9F2695F31E0011B1FC /* PlaygroundGeofencingTests.swift */; };
		3D344EAB2695F31E0011B1FC /* PlaygroundGeofencingUITests.swift in Sources */ = {isa = PBXBuildFile; fileRef = 3D344EAA2695F31E0011B1FC /* PlaygroundGeofencingUITests.swift */; };
		3D344EB92695F5590011B1FC /* MapView.swift in Sources */ = {isa = PBXBuildFile; fileRef = 3D344EB82695F5590011B1FC /* MapView.swift */; };
		3D344EBC26973AC30011B1FC /* LocationManager.swift in Sources */ = {isa = PBXBuildFile; fileRef = 3D344EBB26973AC30011B1FC /* LocationManager.swift */; };
		3D344EBF269840050011B1FC /* Regions.swift in Sources */ = {isa = PBXBuildFile; fileRef = 3D344EBE269840050011B1FC /* Regions.swift */; };
		3D344ECF269891500011B1FC /* ContentView.swift in Sources */ = {isa = PBXBuildFile; fileRef = 3D344ECE269891500011B1FC /* ContentView.swift */; };
/* End PBXBuildFile section */

/* Begin PBXContainerItemProxy section */
		3D344E9C2695F31E0011B1FC /* PBXContainerItemProxy */ = {
			isa = PBXContainerItemProxy;
			containerPortal = 3D344E822695F31D0011B1FC /* Project object */;
			proxyType = 1;
			remoteGlobalIDString = 3D344E892695F31D0011B1FC;
			remoteInfo = PlaygroundGeofencing;
		};
		3D344EA72695F31E0011B1FC /* PBXContainerItemProxy */ = {
			isa = PBXContainerItemProxy;
			containerPortal = 3D344E822695F31D0011B1FC /* Project object */;
			proxyType = 1;
			remoteGlobalIDString = 3D344E892695F31D0011B1FC;
			remoteInfo = PlaygroundGeofencing;
		};
/* End PBXContainerItemProxy section */

/* Begin PBXFileReference section */
		3D1ADC6E26989B70005B1673 /* LocalNotificationManager.swift */ = {isa = PBXFileReference; lastKnownFileType = sourcecode.swift; path = LocalNotificationManager.swift; sourceTree = "<group>"; };
		3D1ADC7126989B90005B1673 /* Notification.swift */ = {isa = PBXFileReference; lastKnownFileType = sourcecode.swift; path = Notification.swift; sourceTree = "<group>"; };
		3D344E8A2695F31D0011B1FC /* PlaygroundGeofencing.app */ = {isa = PBXFileReference; explicitFileType = wrapper.application; includeInIndex = 0; path = PlaygroundGeofencing.app; sourceTree = BUILT_PRODUCTS_DIR; };
		3D344E8D2695F31D0011B1FC /* PlaygroundGeofencingApp.swift */ = {isa = PBXFileReference; lastKnownFileType = sourcecode.swift; path = PlaygroundGeofencingApp.swift; sourceTree = "<group>"; };
		3D344E912695F31E0011B1FC /* Assets.xcassets */ = {isa = PBXFileReference; lastKnownFileType = folder.assetcatalog; path = Assets.xcassets; sourceTree = "<group>"; };
		3D344E942695F31E0011B1FC /* Preview Assets.xcassets */ = {isa = PBXFileReference; lastKnownFileType = folder.assetcatalog; path = "Preview Assets.xcassets"; sourceTree = "<group>"; };
		3D344E962695F31E0011B1FC /* Info.plist */ = {isa = PBXFileReference; lastKnownFileType = text.plist.xml; path = Info.plist; sourceTree = "<group>"; };
		3D344E9B2695F31E0011B1FC /* PlaygroundGeofencingTests.xctest */ = {isa = PBXFileReference; explicitFileType = wrapper.cfbundle; includeInIndex = 0; path = PlaygroundGeofencingTests.xctest; sourceTree = BUILT_PRODUCTS_DIR; };
		3D344E9F2695F31E0011B1FC /* PlaygroundGeofencingTests.swift */ = {isa = PBXFileReference; lastKnownFileType = sourcecode.swift; path = PlaygroundGeofencingTests.swift; sourceTree = "<group>"; };
		3D344EA12695F31E0011B1FC /* Info.plist */ = {isa = PBXFileReference; lastKnownFileType = text.plist.xml; path = Info.plist; sourceTree = "<group>"; };
		3D344EA62695F31E0011B1FC /* PlaygroundGeofencingUITests.xctest */ = {isa = PBXFileReference; explicitFileType = wrapper.cfbundle; includeInIndex = 0; path = PlaygroundGeofencingUITests.xctest; sourceTree = BUILT_PRODUCTS_DIR; };
		3D344EAA2695F31E0011B1FC /* PlaygroundGeofencingUITests.swift */ = {isa = PBXFileReference; lastKnownFileType = sourcecode.swift; path = PlaygroundGeofencingUITests.swift; sourceTree = "<group>"; };
		3D344EAC2695F31E0011B1FC /* Info.plist */ = {isa = PBXFileReference; lastKnownFileType = text.plist.xml; path = Info.plist; sourceTree = "<group>"; };
		3D344EB82695F5590011B1FC /* MapView.swift */ = {isa = PBXFileReference; lastKnownFileType = sourcecode.swift; path = MapView.swift; sourceTree = "<group>"; };
		3D344EBB26973AC30011B1FC /* LocationManager.swift */ = {isa = PBXFileReference; lastKnownFileType = sourcecode.swift; path = LocationManager.swift; sourceTree = "<group>"; };
		3D344EBE269840050011B1FC /* Regions.swift */ = {isa = PBXFileReference; lastKnownFileType = sourcecode.swift; path = Regions.swift; sourceTree = "<group>"; };
		3D344EC0269845300011B1FC /* PlaygroundGeofencing.entitlements */ = {isa = PBXFileReference; lastKnownFileType = text.plist.entitlements; path = PlaygroundGeofencing.entitlements; sourceTree = "<group>"; };
		3D344ECE269891500011B1FC /* ContentView.swift */ = {isa = PBXFileReference; fileEncoding = 4; lastKnownFileType = sourcecode.swift; path = ContentView.swift; sourceTree = "<group>"; };
/* End PBXFileReference section */

/* Begin PBXFrameworksBuildPhase section */
		3D344E872695F31D0011B1FC /* Frameworks */ = {
			isa = PBXFrameworksBuildPhase;
			buildActionMask = 2147483647;
			files = (
			);
			runOnlyForDeploymentPostprocessing = 0;
		};
		3D344E982695F31E0011B1FC /* Frameworks */ = {
			isa = PBXFrameworksBuildPhase;
			buildActionMask = 2147483647;
			files = (
			);
			runOnlyForDeploymentPostprocessing = 0;
		};
		3D344EA32695F31E0011B1FC /* Frameworks */ = {
			isa = PBXFrameworksBuildPhase;
			buildActionMask = 2147483647;
			files = (
			);
			runOnlyForDeploymentPostprocessing = 0;
		};
/* End PBXFrameworksBuildPhase section */

/* Begin PBXGroup section */
		3D1ADC7026989B7E005B1673 /* Models */ = {
			isa = PBXGroup;
			children = (
				3D1ADC7126989B90005B1673 /* Notification.swift */,
			);
			path = Models;
			sourceTree = "<group>";
		};
		3D344E812695F31D0011B1FC = {
			isa = PBXGroup;
			children = (
				3D344E8C2695F31D0011B1FC /* PlaygroundGeofencing */,
				3D344E9E2695F31E0011B1FC /* PlaygroundGeofencingTests */,
				3D344EA92695F31E0011B1FC /* PlaygroundGeofencingUITests */,
				3D344E8B2695F31D0011B1FC /* Products */,
			);
			sourceTree = "<group>";
		};
		3D344E8B2695F31D0011B1FC /* Products */ = {
			isa = PBXGroup;
			children = (
				3D344E8A2695F31D0011B1FC /* PlaygroundGeofencing.app */,
				3D344E9B2695F31E0011B1FC /* PlaygroundGeofencingTests.xctest */,
				3D344EA62695F31E0011B1FC /* PlaygroundGeofencingUITests.xctest */,
			);
			name = Products;
			sourceTree = "<group>";
		};
		3D344E8C2695F31D0011B1FC /* PlaygroundGeofencing */ = {
			isa = PBXGroup;
			children = (
				3D344EC0269845300011B1FC /* PlaygroundGeofencing.entitlements */,
				3D1ADC7026989B7E005B1673 /* Models */,
				3D344EBD26982F9C0011B1FC /* Constants */,
				3D344EBA26973AB40011B1FC /* Managers */,
				3D344E8D2695F31D0011B1FC /* PlaygroundGeofencingApp.swift */,
				3D344E912695F31E0011B1FC /* Assets.xcassets */,
				3D344ECE269891500011B1FC /* ContentView.swift */,
				3D344E962695F31E0011B1FC /* Info.plist */,
				3D344E932695F31E0011B1FC /* Preview Content */,
				3D344EB82695F5590011B1FC /* MapView.swift */,
			);
			path = PlaygroundGeofencing;
			sourceTree = "<group>";
		};
		3D344E932695F31E0011B1FC /* Preview Content */ = {
			isa = PBXGroup;
			children = (
				3D344E942695F31E0011B1FC /* Preview Assets.xcassets */,
			);
			path = "Preview Content";
			sourceTree = "<group>";
		};
		3D344E9E2695F31E0011B1FC /* PlaygroundGeofencingTests */ = {
			isa = PBXGroup;
			children = (
				3D344E9F2695F31E0011B1FC /* PlaygroundGeofencingTests.swift */,
				3D344EA12695F31E0011B1FC /* Info.plist */,
			);
			path = PlaygroundGeofencingTests;
			sourceTree = "<group>";
		};
		3D344EA92695F31E0011B1FC /* PlaygroundGeofencingUITests */ = {
			isa = PBXGroup;
			children = (
				3D344EAA2695F31E0011B1FC /* PlaygroundGeofencingUITests.swift */,
				3D344EAC2695F31E0011B1FC /* Info.plist */,
			);
			path = PlaygroundGeofencingUITests;
			sourceTree = "<group>";
		};
		3D344EBA26973AB40011B1FC /* Managers */ = {
			isa = PBXGroup;
			children = (
				3D344EBB26973AC30011B1FC /* LocationManager.swift */,
				3D1ADC6E26989B70005B1673 /* LocalNotificationManager.swift */,
			);
			path = Managers;
			sourceTree = "<group>";
		};
		3D344EBD26982F9C0011B1FC /* Constants */ = {
			isa = PBXGroup;
			children = (
				3D344EBE269840050011B1FC /* Regions.swift */,
			);
			path = Constants;
			sourceTree = "<group>";
		};
/* End PBXGroup section */

/* Begin PBXNativeTarget section */
		3D344E892695F31D0011B1FC /* PlaygroundGeofencing */ = {
			isa = PBXNativeTarget;
			buildConfigurationList = 3D344EAF2695F31E0011B1FC /* Build configuration list for PBXNativeTarget "PlaygroundGeofencing" */;
			buildPhases = (
				3D344E862695F31D0011B1FC /* Sources */,
				3D344E872695F31D0011B1FC /* Frameworks */,
				3D344E882695F31D0011B1FC /* Resources */,
			);
			buildRules = (
			);
			dependencies = (
			);
			name = PlaygroundGeofencing;
			packageProductDependencies = (
			);
			productName = PlaygroundGeofencing;
			productReference = 3D344E8A2695F31D0011B1FC /* PlaygroundGeofencing.app */;
			productType = "com.apple.product-type.application";
		};
		3D344E9A2695F31E0011B1FC /* PlaygroundGeofencingTests */ = {
			isa = PBXNativeTarget;
			buildConfigurationList = 3D344EB22695F31E0011B1FC /* Build configuration list for PBXNativeTarget "PlaygroundGeofencingTests" */;
			buildPhases = (
				3D344E972695F31E0011B1FC /* Sources */,
				3D344E982695F31E0011B1FC /* Frameworks */,
				3D344E992695F31E0011B1FC /* Resources */,
			);
			buildRules = (
			);
			dependencies = (
				3D344E9D2695F31E0011B1FC /* PBXTargetDependency */,
			);
			name = PlaygroundGeofencingTests;
			productName = PlaygroundGeofencingTests;
			productReference = 3D344E9B2695F31E0011B1FC /* PlaygroundGeofencingTests.xctest */;
			productType = "com.apple.product-type.bundle.unit-test";
		};
		3D344EA52695F31E0011B1FC /* PlaygroundGeofencingUITests */ = {
			isa = PBXNativeTarget;
			buildConfigurationList = 3D344EB52695F31E0011B1FC /* Build configuration list for PBXNativeTarget "PlaygroundGeofencingUITests" */;
			buildPhases = (
				3D344EA22695F31E0011B1FC /* Sources */,
				3D344EA32695F31E0011B1FC /* Frameworks */,
				3D344EA42695F31E0011B1FC /* Resources */,
			);
			buildRules = (
			);
			dependencies = (
				3D344EA82695F31E0011B1FC /* PBXTargetDependency */,
			);
			name = PlaygroundGeofencingUITests;
			productName = PlaygroundGeofencingUITests;
			productReference = 3D344EA62695F31E0011B1FC /* PlaygroundGeofencingUITests.xctest */;
			productType = "com.apple.product-type.bundle.ui-testing";
		};
/* End PBXNativeTarget section */

/* Begin PBXProject section */
		3D344E822695F31D0011B1FC /* Project object */ = {
			isa = PBXProject;
			attributes = {
				LastSwiftUpdateCheck = 1250;
				LastUpgradeCheck = 1250;
				TargetAttributes = {
					3D344E892695F31D0011B1FC = {
						CreatedOnToolsVersion = 12.5.1;
					};
					3D344E9A2695F31E0011B1FC = {
						CreatedOnToolsVersion = 12.5.1;
						TestTargetID = 3D344E892695F31D0011B1FC;
					};
					3D344EA52695F31E0011B1FC = {
						CreatedOnToolsVersion = 12.5.1;
						TestTargetID = 3D344E892695F31D0011B1FC;
					};
				};
			};
			buildConfigurationList = 3D344E852695F31D0011B1FC /* Build configuration list for PBXProject "PlaygroundGeofencing" */;
			compatibilityVersion = "Xcode 9.3";
			developmentRegion = en;
			hasScannedForEncodings = 0;
			knownRegions = (
				en,
				Base,
			);
			mainGroup = 3D344E812695F31D0011B1FC;
			packageReferences = (
			);
			productRefGroup = 3D344E8B2695F31D0011B1FC /* Products */;
			projectDirPath = "";
			projectRoot = "";
			targets = (
				3D344E892695F31D0011B1FC /* PlaygroundGeofencing */,
				3D344E9A2695F31E0011B1FC /* PlaygroundGeofencingTests */,
				3D344EA52695F31E0011B1FC /* PlaygroundGeofencingUITests */,
			);
		};
/* End PBXProject section */

/* Begin PBXResourcesBuildPhase section */
		3D344E882695F31D0011B1FC /* Resources */ = {
			isa = PBXResourcesBuildPhase;
			buildActionMask = 2147483647;
			files = (
				3D344E952695F31E0011B1FC /* Preview Assets.xcassets in Resources */,
				3D344E922695F31E0011B1FC /* Assets.xcassets in Resources */,
			);
			runOnlyForDeploymentPostprocessing = 0;
		};
		3D344E992695F31E0011B1FC /* Resources */ = {
			isa = PBXResourcesBuildPhase;
			buildActionMask = 2147483647;
			files = (
			);
			runOnlyForDeploymentPostprocessing = 0;
		};
		3D344EA42695F31E0011B1FC /* Resources */ = {
			isa = PBXResourcesBuildPhase;
			buildActionMask = 2147483647;
			files = (
			);
			runOnlyForDeploymentPostprocessing = 0;
		};
/* End PBXResourcesBuildPhase section */

/* Begin PBXSourcesBuildPhase section */
		3D344E862695F31D0011B1FC /* Sources */ = {
			isa = PBXSourcesBuildPhase;
			buildActionMask = 2147483647;
			files = (
				3D1ADC6F26989B70005B1673 /* LocalNotificationManager.swift in Sources */,
				3D344EBC26973AC30011B1FC /* LocationManager.swift in Sources */,
				3D344ECF269891500011B1FC /* ContentView.swift in Sources */,
				3D1ADC7226989B90005B1673 /* Notification.swift in Sources */,
				3D344EBF269840050011B1FC /* Regions.swift in Sources */,
				3D344EB92695F5590011B1FC /* MapView.swift in Sources */,
				3D344E8E2695F31D0011B1FC /* PlaygroundGeofencingApp.swift in Sources */,
			);
			runOnlyForDeploymentPostprocessing = 0;
		};
		3D344E972695F31E0011B1FC /* Sources */ = {
			isa = PBXSourcesBuildPhase;
			buildActionMask = 2147483647;
			files = (
				3D344EA02695F31E0011B1FC /* PlaygroundGeofencingTests.swift in Sources */,
			);
			runOnlyForDeploymentPostprocessing = 0;
		};
		3D344EA22695F31E0011B1FC /* Sources */ = {
			isa = PBXSourcesBuildPhase;
			buildActionMask = 2147483647;
			files = (
				3D344EAB2695F31E0011B1FC /* PlaygroundGeofencingUITests.swift in Sources */,
			);
			runOnlyForDeploymentPostprocessing = 0;
		};
/* End PBXSourcesBuildPhase section */

/* Begin PBXTargetDependency section */
		3D344E9D2695F31E0011B1FC /* PBXTargetDependency */ = {
			isa = PBXTargetDependency;
			target = 3D344E892695F31D0011B1FC /* PlaygroundGeofencing */;
			targetProxy = 3D344E9C2695F31E0011B1FC /* PBXContainerItemProxy */;
		};
		3D344EA82695F31E0011B1FC /* PBXTargetDependency */ = {
			isa = PBXTargetDependency;
			target = 3D344E892695F31D0011B1FC /* PlaygroundGeofencing */;
			targetProxy = 3D344EA72695F31E0011B1FC /* PBXContainerItemProxy */;
		};
/* End PBXTargetDependency section */

/* Begin XCBuildConfiguration section */
		3D344EAD2695F31E0011B1FC /* Debug */ = {
			isa = XCBuildConfiguration;
			buildSettings = {
				ALWAYS_SEARCH_USER_PATHS = NO;
				CLANG_ANALYZER_NONNULL = YES;
				CLANG_ANALYZER_NUMBER_OBJECT_CONVERSION = YES_AGGRESSIVE;
				CLANG_CXX_LANGUAGE_STANDARD = "gnu++14";
				CLANG_CXX_LIBRARY = "libc++";
				CLANG_ENABLE_MODULES = YES;
				CLANG_ENABLE_OBJC_ARC = YES;
				CLANG_ENABLE_OBJC_WEAK = YES;
				CLANG_WARN_BLOCK_CAPTURE_AUTORELEASING = YES;
				CLANG_WARN_BOOL_CONVERSION = YES;
				CLANG_WARN_COMMA = YES;
				CLANG_WARN_CONSTANT_CONVERSION = YES;
				CLANG_WARN_DEPRECATED_OBJC_IMPLEMENTATIONS = YES;
				CLANG_WARN_DIRECT_OBJC_ISA_USAGE = YES_ERROR;
				CLANG_WARN_DOCUMENTATION_COMMENTS = YES;
				CLANG_WARN_EMPTY_BODY = YES;
				CLANG_WARN_ENUM_CONVERSION = YES;
				CLANG_WARN_INFINITE_RECURSION = YES;
				CLANG_WARN_INT_CONVERSION = YES;
				CLANG_WARN_NON_LITERAL_NULL_CONVERSION = YES;
				CLANG_WARN_OBJC_IMPLICIT_RETAIN_SELF = YES;
				CLANG_WARN_OBJC_LITERAL_CONVERSION = YES;
				CLANG_WARN_OBJC_ROOT_CLASS = YES_ERROR;
				CLANG_WARN_QUOTED_INCLUDE_IN_FRAMEWORK_HEADER = YES;
				CLANG_WARN_RANGE_LOOP_ANALYSIS = YES;
				CLANG_WARN_STRICT_PROTOTYPES = YES;
				CLANG_WARN_SUSPICIOUS_MOVE = YES;
				CLANG_WARN_UNGUARDED_AVAILABILITY = YES_AGGRESSIVE;
				CLANG_WARN_UNREACHABLE_CODE = YES;
				CLANG_WARN__DUPLICATE_METHOD_MATCH = YES;
				COPY_PHASE_STRIP = NO;
				DEBUG_INFORMATION_FORMAT = dwarf;
				ENABLE_STRICT_OBJC_MSGSEND = YES;
				ENABLE_TESTABILITY = YES;
				GCC_C_LANGUAGE_STANDARD = gnu11;
				GCC_DYNAMIC_NO_PIC = NO;
				GCC_NO_COMMON_BLOCKS = YES;
				GCC_OPTIMIZATION_LEVEL = 0;
				GCC_PREPROCESSOR_DEFINITIONS = (
					"DEBUG=1",
					"$(inherited)",
				);
				GCC_WARN_64_TO_32_BIT_CONVERSION = YES;
				GCC_WARN_ABOUT_RETURN_TYPE = YES_ERROR;
				GCC_WARN_UNDECLARED_SELECTOR = YES;
				GCC_WARN_UNINITIALIZED_AUTOS = YES_AGGRESSIVE;
				GCC_WARN_UNUSED_FUNCTION = YES;
				GCC_WARN_UNUSED_VARIABLE = YES;
				IPHONEOS_DEPLOYMENT_TARGET = 14.5;
				MTL_ENABLE_DEBUG_INFO = INCLUDE_SOURCE;
				MTL_FAST_MATH = YES;
				ONLY_ACTIVE_ARCH = YES;
				SDKROOT = iphoneos;
				SWIFT_ACTIVE_COMPILATION_CONDITIONS = DEBUG;
				SWIFT_OPTIMIZATION_LEVEL = "-Onone";
			};
			name = Debug;
		};
		3D344EAE2695F31E0011B1FC /* Release */ = {
			isa = XCBuildConfiguration;
			buildSettings = {
				ALWAYS_SEARCH_USER_PATHS = NO;
				CLANG_ANALYZER_NONNULL = YES;
				CLANG_ANALYZER_NUMBER_OBJECT_CONVERSION = YES_AGGRESSIVE;
				CLANG_CXX_LANGUAGE_STANDARD = "gnu++14";
				CLANG_CXX_LIBRARY = "libc++";
				CLANG_ENABLE_MODULES = YES;
				CLANG_ENABLE_OBJC_ARC = YES;
				CLANG_ENABLE_OBJC_WEAK = YES;
				CLANG_WARN_BLOCK_CAPTURE_AUTORELEASING = YES;
				CLANG_WARN_BOOL_CONVERSION = YES;
				CLANG_WARN_COMMA = YES;
				CLANG_WARN_CONSTANT_CONVERSION = YES;
				CLANG_WARN_DEPRECATED_OBJC_IMPLEMENTATIONS = YES;
				CLANG_WARN_DIRECT_OBJC_ISA_USAGE = YES_ERROR;
				CLANG_WARN_DOCUMENTATION_COMMENTS = YES;
				CLANG_WARN_EMPTY_BODY = YES;
				CLANG_WARN_ENUM_CONVERSION = YES;
				CLANG_WARN_INFINITE_RECURSION = YES;
				CLANG_WARN_INT_CONVERSION = YES;
				CLANG_WARN_NON_LITERAL_NULL_CONVERSION = YES;
				CLANG_WARN_OBJC_IMPLICIT_RETAIN_SELF = YES;
				CLANG_WARN_OBJC_LITERAL_CONVERSION = YES;
				CLANG_WARN_OBJC_ROOT_CLASS = YES_ERROR;
				CLANG_WARN_QUOTED_INCLUDE_IN_FRAMEWORK_HEADER = YES;
				CLANG_WARN_RANGE_LOOP_ANALYSIS = YES;
				CLANG_WARN_STRICT_PROTOTYPES = YES;
				CLANG_WARN_SUSPICIOUS_MOVE = YES;
				CLANG_WARN_UNGUARDED_AVAILABILITY = YES_AGGRESSIVE;
				CLANG_WARN_UNREACHABLE_CODE = YES;
				CLANG_WARN__DUPLICATE_METHOD_MATCH = YES;
				COPY_PHASE_STRIP = NO;
				DEBUG_INFORMATION_FORMAT = "dwarf-with-dsym";
				ENABLE_NS_ASSERTIONS = NO;
				ENABLE_STRICT_OBJC_MSGSEND = YES;
				GCC_C_LANGUAGE_STANDARD = gnu11;
				GCC_NO_COMMON_BLOCKS = YES;
				GCC_WARN_64_TO_32_BIT_CONVERSION = YES;
				GCC_WARN_ABOUT_RETURN_TYPE = YES_ERROR;
				GCC_WARN_UNDECLARED_SELECTOR = YES;
				GCC_WARN_UNINITIALIZED_AUTOS = YES_AGGRESSIVE;
				GCC_WARN_UNUSED_FUNCTION = YES;
				GCC_WARN_UNUSED_VARIABLE = YES;
				IPHONEOS_DEPLOYMENT_TARGET = 14.5;
				MTL_ENABLE_DEBUG_INFO = NO;
				MTL_FAST_MATH = YES;
				SDKROOT = iphoneos;
				SWIFT_COMPILATION_MODE = wholemodule;
				SWIFT_OPTIMIZATION_LEVEL = "-O";
				VALIDATE_PRODUCT = YES;
			};
			name = Release;
		};
		3D344EB02695F31E0011B1FC /* Debug */ = {
			isa = XCBuildConfiguration;
			buildSettings = {
				ASSETCATALOG_COMPILER_APPICON_NAME = AppIcon;
				ASSETCATALOG_COMPILER_GLOBAL_ACCENT_COLOR_NAME = AccentColor;
				CODE_SIGN_ENTITLEMENTS = PlaygroundGeofencing/PlaygroundGeofencing.entitlements;
				CODE_SIGN_STYLE = Automatic;
				DEVELOPMENT_ASSET_PATHS = "\"PlaygroundGeofencing/Preview Content\"";
				DEVELOPMENT_TEAM = NY3J9KV3S9;
				ENABLE_PREVIEWS = YES;
				INFOPLIST_FILE = PlaygroundGeofencing/Info.plist;
				IPHONEOS_DEPLOYMENT_TARGET = 14.0;
				LD_RUNPATH_SEARCH_PATHS = (
					"$(inherited)",
					"@executable_path/Frameworks",
				);
				PRODUCT_BUNDLE_IDENTIFIER = com.async.PlaygroundGeofencing;
				PRODUCT_NAME = "$(TARGET_NAME)";
				SWIFT_VERSION = 5.0;
				TARGETED_DEVICE_FAMILY = "1,2";
			};
			name = Debug;
		};
		3D344EB12695F31E0011B1FC /* Release */ = {
			isa = XCBuildConfiguration;
			buildSettings = {
				ASSETCATALOG_COMPILER_APPICON_NAME = AppIcon;
				ASSETCATALOG_COMPILER_GLOBAL_ACCENT_COLOR_NAME = AccentColor;
				CODE_SIGN_ENTITLEMENTS = PlaygroundGeofencing/PlaygroundGeofencing.entitlements;
				CODE_SIGN_STYLE = Automatic;
				DEVELOPMENT_ASSET_PATHS = "\"PlaygroundGeofencing/Preview Content\"";
				DEVELOPMENT_TEAM = NY3J9KV3S9;
				ENABLE_PREVIEWS = YES;
				INFOPLIST_FILE = PlaygroundGeofencing/Info.plist;
				IPHONEOS_DEPLOYMENT_TARGET = 14.0;
				LD_RUNPATH_SEARCH_PATHS = (
					"$(inherited)",
					"@executable_path/Frameworks",
				);
				PRODUCT_BUNDLE_IDENTIFIER = com.async.PlaygroundGeofencing;
				PRODUCT_NAME = "$(TARGET_NAME)";
				SWIFT_VERSION = 5.0;
				TARGETED_DEVICE_FAMILY = "1,2";
			};
			name = Release;
		};
		3D344EB32695F31E0011B1FC /* Debug */ = {
			isa = XCBuildConfiguration;
			buildSettings = {
				ALWAYS_EMBED_SWIFT_STANDARD_LIBRARIES = YES;
				BUNDLE_LOADER = "$(TEST_HOST)";
				CODE_SIGN_STYLE = Automatic;
				DEVELOPMENT_TEAM = NY3J9KV3S9;
				INFOPLIST_FILE = PlaygroundGeofencingTests/Info.plist;
				IPHONEOS_DEPLOYMENT_TARGET = 14.0;
				LD_RUNPATH_SEARCH_PATHS = (
					"$(inherited)",
					"@executable_path/Frameworks",
					"@loader_path/Frameworks",
				);
				PRODUCT_BUNDLE_IDENTIFIER = com.async.PlaygroundGeofencingTests;
				PRODUCT_NAME = "$(TARGET_NAME)";
				SWIFT_VERSION = 5.0;
				TARGETED_DEVICE_FAMILY = "1,2";
				TEST_HOST = "$(BUILT_PRODUCTS_DIR)/PlaygroundGeofencing.app/PlaygroundGeofencing";
			};
			name = Debug;
		};
		3D344EB42695F31E0011B1FC /* Release */ = {
			isa = XCBuildConfiguration;
			buildSettings = {
				ALWAYS_EMBED_SWIFT_STANDARD_LIBRARIES = YES;
				BUNDLE_LOADER = "$(TEST_HOST)";
				CODE_SIGN_STYLE = Automatic;
				DEVELOPMENT_TEAM = NY3J9KV3S9;
				INFOPLIST_FILE = PlaygroundGeofencingTests/Info.plist;
				IPHONEOS_DEPLOYMENT_TARGET = 14.0;
				LD_RUNPATH_SEARCH_PATHS = (
					"$(inherited)",
					"@executable_path/Frameworks",
					"@loader_path/Frameworks",
				);
				PRODUCT_BUNDLE_IDENTIFIER = com.async.PlaygroundGeofencingTests;
				PRODUCT_NAME = "$(TARGET_NAME)";
				SWIFT_VERSION = 5.0;
				TARGETED_DEVICE_FAMILY = "1,2";
				TEST_HOST = "$(BUILT_PRODUCTS_DIR)/PlaygroundGeofencing.app/PlaygroundGeofencing";
			};
			name = Release;
		};
		3D344EB62695F31E0011B1FC /* Debug */ = {
			isa = XCBuildConfiguration;
			buildSettings = {
				ALWAYS_EMBED_SWIFT_STANDARD_LIBRARIES = YES;
				CODE_SIGN_STYLE = Automatic;
				DEVELOPMENT_TEAM = NY3J9KV3S9;
				INFOPLIST_FILE = PlaygroundGeofencingUITests/Info.plist;
				LD_RUNPATH_SEARCH_PATHS = (
					"$(inherited)",
					"@executable_path/Frameworks",
					"@loader_path/Frameworks",
				);
				PRODUCT_BUNDLE_IDENTIFIER = com.async.PlaygroundGeofencingUITests;
				PRODUCT_NAME = "$(TARGET_NAME)";
				SWIFT_VERSION = 5.0;
				TARGETED_DEVICE_FAMILY = "1,2";
				TEST_TARGET_NAME = PlaygroundGeofencing;
			};
			name = Debug;
		};
		3D344EB72695F31E0011B1FC /* Release */ = {
			isa = XCBuildConfiguration;
			buildSettings = {
				ALWAYS_EMBED_SWIFT_STANDARD_LIBRARIES = YES;
				CODE_SIGN_STYLE = Automatic;
				DEVELOPMENT_TEAM = NY3J9KV3S9;
				INFOPLIST_FILE = PlaygroundGeofencingUITests/Info.plist;
				LD_RUNPATH_SEARCH_PATHS = (
					"$(inherited)",
					"@executable_path/Frameworks",
					"@loader_path/Frameworks",
				);
				PRODUCT_BUNDLE_IDENTIFIER = com.async.PlaygroundGeofencingUITests;
				PRODUCT_NAME = "$(TARGET_NAME)";
				SWIFT_VERSION = 5.0;
				TARGETED_DEVICE_FAMILY = "1,2";
				TEST_TARGET_NAME = PlaygroundGeofencing;
			};
			name = Release;
		};
/* End XCBuildConfiguration section */

/* Begin XCConfigurationList section */
		3D344E852695F31D0011B1FC /* Build configuration list for PBXProject "PlaygroundGeofencing" */ = {
			isa = XCConfigurationList;
			buildConfigurations = (
				3D344EAD2695F31E0011B1FC /* Debug */,
				3D344EAE2695F31E0011B1FC /* Release */,
			);
			defaultConfigurationIsVisible = 0;
			defaultConfigurationName = Release;
		};
		3D344EAF2695F31E0011B1FC /* Build configuration list for PBXNativeTarget "PlaygroundGeofencing" */ = {
			isa = XCConfigurationList;
			buildConfigurations = (
				3D344EB02695F31E0011B1FC /* Debug */,
				3D344EB12695F31E0011B1FC /* Release */,
			);
			defaultConfigurationIsVisible = 0;
			defaultConfigurationName = Release;
		};
		3D344EB22695F31E0011B1FC /* Build configuration list for PBXNativeTarget "PlaygroundGeofencingTests" */ = {
			isa = XCConfigurationList;
			buildConfigurations = (
				3D344EB32695F31E0011B1FC /* Debug */,
				3D344EB42695F31E0011B1FC /* Release */,
			);
			defaultConfigurationIsVisible = 0;
			defaultConfigurationName = Release;
		};
		3D344EB52695F31E0011B1FC /* Build configuration list for PBXNativeTarget "PlaygroundGeofencingUITests" */ = {
			isa = XCConfigurationList;
			buildConfigurations = (
				3D344EB62695F31E0011B1FC /* Debug */,
				3D344EB72695F31E0011B1FC /* Release */,
			);
			defaultConfigurationIsVisible = 0;
			defaultConfigurationName = Release;
		};
/* End XCConfigurationList section */
	};
	rootObject = 3D344E822695F31D0011B1FC /* Project object */;
}
