// !$*UTF8*$!
{
	archiveVersion = 1;
	classes = {
	};
	objectVersion = 54;
	objects = {

/* Begin PBXBuildFile section */
		921416392B04C06B00689022 /* DragNDropDot.swift in Sources */ = {isa = PBXBuildFile; fileRef = 921416382B04C06B00689022 /* DragNDropDot.swift */; };
		921A47F5288ECE69001DDAD0 /* MultiDatePickerView.swift in Sources */ = {isa = PBXBuildFile; fileRef = 921A47F4288ECE69001DDAD0 /* MultiDatePickerView.swift */; };
		921A47F7288ECFD6001DDAD0 /* SearchableScopeView.swift in Sources */ = {isa = PBXBuildFile; fileRef = 921A47F6288ECFD6001DDAD0 /* SearchableScopeView.swift */; };
		921A47F9288ED127001DDAD0 /* searchableInbox.json in Resources */ = {isa = PBXBuildFile; fileRef = 921A47F8288ED127001DDAD0 /* searchableInbox.json */; };
		921A47FC288ED506001DDAD0 /* BabyLevelGradient.swift in Sources */ = {isa = PBXBuildFile; fileRef = 921A47FB288ED506001DDAD0 /* BabyLevelGradient.swift */; };
		921A47FE288EDB77001DDAD0 /* DynamicTypeSizeView.swift in Sources */ = {isa = PBXBuildFile; fileRef = 921A47FD288EDB77001DDAD0 /* DynamicTypeSizeView.swift */; };
		921A4801288F056E001DDAD0 /* Particle.swift in Sources */ = {isa = PBXBuildFile; fileRef = 921A4800288F056E001DDAD0 /* Particle.swift */; };
		922065C92B5F9DB00028B04D /* SimpleAnimation.swift in Sources */ = {isa = PBXBuildFile; fileRef = 922065C82B5F9DB00028B04D /* SimpleAnimation.swift */; };
		922065E72B5FCDD40028B04D /* SwiftDataContentView.swift in Sources */ = {isa = PBXBuildFile; fileRef = 922065E62B5FCDD40028B04D /* SwiftDataContentView.swift */; };
		922E9794289E82D5005F3D68 /* OnboardingPagerFlow.swift in Sources */ = {isa = PBXBuildFile; fileRef = 922E9793289E82D5005F3D68 /* OnboardingPagerFlow.swift */; };
		923D9BE626C0009E0044BF59 /* PermissionsWithCombine.swift in Sources */ = {isa = PBXBuildFile; fileRef = 923D9BE526C0009E0044BF59 /* PermissionsWithCombine.swift */; };
		924689552B63A594002478EC /* DrawingsView.swift in Sources */ = {isa = PBXBuildFile; fileRef = 924689542B63A594002478EC /* DrawingsView.swift */; };
		924D788F26EFE5FD0031C283 /* SizeClassView.swift in Sources */ = {isa = PBXBuildFile; fileRef = 924D788E26EFE5FD0031C283 /* SizeClassView.swift */; };
		926EDE542861ADA50094F780 /* LazyGridView.swift in Sources */ = {isa = PBXBuildFile; fileRef = 926EDE532861ADA50094F780 /* LazyGridView.swift */; };
		927192E2287625800098AC39 /* VerticalPagerView.swift in Sources */ = {isa = PBXBuildFile; fileRef = 927192E1287625800098AC39 /* VerticalPagerView.swift */; };
		927192E4287873610098AC39 /* ProgressBarsView.swift in Sources */ = {isa = PBXBuildFile; fileRef = 927192E3287873610098AC39 /* ProgressBarsView.swift */; };
		927192E6287C19140098AC39 /* iOS16BottomSheet.swift in Sources */ = {isa = PBXBuildFile; fileRef = 927192E5287C19140098AC39 /* iOS16BottomSheet.swift */; };
		927192E8287F42730098AC39 /* Timer.swift in Sources */ = {isa = PBXBuildFile; fileRef = 927192E7287F42730098AC39 /* Timer.swift */; };
		927192EB287FF13C0098AC39 /* GridView.swift in Sources */ = {isa = PBXBuildFile; fileRef = 927192EA287FF13C0098AC39 /* GridView.swift */; };
		927192F0287FFB640098AC39 /* ShareLinkView.swift in Sources */ = {isa = PBXBuildFile; fileRef = 927192EF287FFB640098AC39 /* ShareLinkView.swift */; };
		928D2B7726C6C08500ABE408 /* MapKitWithLocation.swift in Sources */ = {isa = PBXBuildFile; fileRef = 928D2B7626C6C08500ABE408 /* MapKitWithLocation.swift */; };
		928D2B7A26C6C16B00ABE408 /* PermissionsExtensions.swift in Sources */ = {isa = PBXBuildFile; fileRef = 928D2B7926C6C16B00ABE408 /* PermissionsExtensions.swift */; };
		928D2B7D26C6C27400ABE408 /* Permissions.swift in Sources */ = {isa = PBXBuildFile; fileRef = 928D2B7C26C6C27400ABE408 /* Permissions.swift */; };
		928D2B9C26CAB60F00ABE408 /* LocalNotificationView.swift in Sources */ = {isa = PBXBuildFile; fileRef = 928D2B9B26CAB60F00ABE408 /* LocalNotificationView.swift */; };
		928D2B9E26CAC3FB00ABE408 /* AppDelegate.swift in Sources */ = {isa = PBXBuildFile; fileRef = 928D2B9D26CAC3FB00ABE408 /* AppDelegate.swift */; };
		928D2BA126CACEB700ABE408 /* NotificationHandler.swift in Sources */ = {isa = PBXBuildFile; fileRef = 928D2BA026CACEB700ABE408 /* NotificationHandler.swift */; };
		928D2BA326CC28AD00ABE408 /* URLSessionWithCombine.swift in Sources */ = {isa = PBXBuildFile; fileRef = 928D2BA226CC28AD00ABE408 /* URLSessionWithCombine.swift */; };
		929130812B6CBE4800278163 /* MetaBallFallView.swift in Sources */ = {isa = PBXBuildFile; fileRef = 929130802B6CBE4800278163 /* MetaBallFallView.swift */; };
		92A0145D270E132500724FB7 /* ObserverPattern.swift in Sources */ = {isa = PBXBuildFile; fileRef = 92A0145C270E132500724FB7 /* ObserverPattern.swift */; };
		92A68F4F284FAA04007130E8 /* MainMenu.swift in Sources */ = {isa = PBXBuildFile; fileRef = 92A68F4E284FAA04007130E8 /* MainMenu.swift */; };
		92A9433C26DB8022003D4C0E /* Haptic.swift in Sources */ = {isa = PBXBuildFile; fileRef = 92A9433B26DB8022003D4C0E /* Haptic.swift */; };
		92DC16CE26A61D9800DCA9EB /* SwiftUIPlaygroundApp.swift in Sources */ = {isa = PBXBuildFile; fileRef = 92DC16CD26A61D9800DCA9EB /* SwiftUIPlaygroundApp.swift */; };
		92DC16D226A61D9900DCA9EB /* Assets.xcassets in Resources */ = {isa = PBXBuildFile; fileRef = 92DC16D126A61D9900DCA9EB /* Assets.xcassets */; };
		92DC16D526A61D9900DCA9EB /* Preview Assets.xcassets in Resources */ = {isa = PBXBuildFile; fileRef = 92DC16D426A61D9900DCA9EB /* Preview Assets.xcassets */; };
		92DC16DD26A61DF100DCA9EB /* MapKitSample.swift in Sources */ = {isa = PBXBuildFile; fileRef = 92DC16DC26A61DF100DCA9EB /* MapKitSample.swift */; };
		92DC16DF26A61E5E00DCA9EB /* GradientOnImageView.swift in Sources */ = {isa = PBXBuildFile; fileRef = 92DC16DE26A61E5E00DCA9EB /* GradientOnImageView.swift */; };
		92DC16E126A61E8A00DCA9EB /* NetworkImage.swift in Sources */ = {isa = PBXBuildFile; fileRef = 92DC16E026A61E8A00DCA9EB /* NetworkImage.swift */; };
		92DC16E526A6201B00DCA9EB /* Colors.swift in Sources */ = {isa = PBXBuildFile; fileRef = 92DC16E426A6201B00DCA9EB /* Colors.swift */; };
		92DC16E726A6213E00DCA9EB /* BottomSheetView.swift in Sources */ = {isa = PBXBuildFile; fileRef = 92DC16E626A6213E00DCA9EB /* BottomSheetView.swift */; };
		92DC16E926A6215800DCA9EB /* NetworkMonitoring.swift in Sources */ = {isa = PBXBuildFile; fileRef = 92DC16E826A6215800DCA9EB /* NetworkMonitoring.swift */; };
		92DC16EB26A621BB00DCA9EB /* MatchedGeometryEffectAnimation.swift in Sources */ = {isa = PBXBuildFile; fileRef = 92DC16EA26A621BB00DCA9EB /* MatchedGeometryEffectAnimation.swift */; };
		92DC16ED26A621F200DCA9EB /* 3DRotationEffectAnimation.swift in Sources */ = {isa = PBXBuildFile; fileRef = 92DC16EC26A621F200DCA9EB /* 3DRotationEffectAnimation.swift */; };
		92DC16EF26A6221D00DCA9EB /* PagerView.swift in Sources */ = {isa = PBXBuildFile; fileRef = 92DC16EE26A6221D00DCA9EB /* PagerView.swift */; };
		92DC16F126A6229B00DCA9EB /* CarouselViewModifier.swift in Sources */ = {isa = PBXBuildFile; fileRef = 92DC16F026A6229B00DCA9EB /* CarouselViewModifier.swift */; };
		92DC16F326A622C600DCA9EB /* InvisibleTappableView.swift in Sources */ = {isa = PBXBuildFile; fileRef = 92DC16F226A622C600DCA9EB /* InvisibleTappableView.swift */; };
		92DC16F526A6230C00DCA9EB /* CustomProgressViewStyle.swift in Sources */ = {isa = PBXBuildFile; fileRef = 92DC16F426A6230C00DCA9EB /* CustomProgressViewStyle.swift */; };
		92E3CE7426D2898D00627309 /* ScrollViewFixedElement.swift in Sources */ = {isa = PBXBuildFile; fileRef = 92E3CE7326D2898D00627309 /* ScrollViewFixedElement.swift */; };
		92EF14312A59D4F2002D57EF /* ButtonStylesSample.swift in Sources */ = {isa = PBXBuildFile; fileRef = 92EF14302A59D4F2002D57EF /* ButtonStylesSample.swift */; };
		92F0CB8B29CA13800030AC10 /* LastHackerNewsView.swift in Sources */ = {isa = PBXBuildFile; fileRef = 92F0CB8A29CA13800030AC10 /* LastHackerNewsView.swift */; };
		92F0CB8D29CAE77D0030AC10 /* HackerNewsState.swift in Sources */ = {isa = PBXBuildFile; fileRef = 92F0CB8C29CAE77D0030AC10 /* HackerNewsState.swift */; };
/* End PBXBuildFile section */

/* Begin PBXCopyFilesBuildPhase section */
		92DD420426DA728B0058F35F /* Embed Frameworks */ = {
			isa = PBXCopyFilesBuildPhase;
			buildActionMask = 2147483647;
			dstPath = "";
			dstSubfolderSpec = 10;
			files = (
			);
			name = "Embed Frameworks";
			runOnlyForDeploymentPostprocessing = 0;
		};
/* End PBXCopyFilesBuildPhase section */

/* Begin PBXFileReference section */
		921416382B04C06B00689022 /* DragNDropDot.swift */ = {isa = PBXFileReference; lastKnownFileType = sourcecode.swift; path = DragNDropDot.swift; sourceTree = "<group>"; };
		921A47F4288ECE69001DDAD0 /* MultiDatePickerView.swift */ = {isa = PBXFileReference; lastKnownFileType = sourcecode.swift; path = MultiDatePickerView.swift; sourceTree = "<group>"; };
		921A47F6288ECFD6001DDAD0 /* SearchableScopeView.swift */ = {isa = PBXFileReference; lastKnownFileType = sourcecode.swift; path = SearchableScopeView.swift; sourceTree = "<group>"; };
		921A47F8288ED127001DDAD0 /* searchableInbox.json */ = {isa = PBXFileReference; lastKnownFileType = text.json; path = searchableInbox.json; sourceTree = "<group>"; };
		921A47FA288ED155001DDAD0 /* searchableFavorites.json */ = {isa = PBXFileReference; lastKnownFileType = text.json; path = searchableFavorites.json; sourceTree = "<group>"; };
		921A47FB288ED506001DDAD0 /* BabyLevelGradient.swift */ = {isa = PBXFileReference; lastKnownFileType = sourcecode.swift; path = BabyLevelGradient.swift; sourceTree = "<group>"; };
		921A47FD288EDB77001DDAD0 /* DynamicTypeSizeView.swift */ = {isa = PBXFileReference; lastKnownFileType = sourcecode.swift; name = DynamicTypeSizeView.swift; path = ../../../../../../../Documents/Design/DynamicTypeSizeView.swift; sourceTree = "<group>"; };
		921A4800288F056E001DDAD0 /* Particle.swift */ = {isa = PBXFileReference; lastKnownFileType = sourcecode.swift; path = Particle.swift; sourceTree = "<group>"; };
		922065C82B5F9DB00028B04D /* SimpleAnimation.swift */ = {isa = PBXFileReference; lastKnownFileType = sourcecode.swift; path = SimpleAnimation.swift; sourceTree = "<group>"; };
		922065E62B5FCDD40028B04D /* SwiftDataContentView.swift */ = {isa = PBXFileReference; lastKnownFileType = sourcecode.swift; path = SwiftDataContentView.swift; sourceTree = "<group>"; };
		922E9793289E82D5005F3D68 /* OnboardingPagerFlow.swift */ = {isa = PBXFileReference; lastKnownFileType = sourcecode.swift; path = OnboardingPagerFlow.swift; sourceTree = "<group>"; };
		923D9BE526C0009E0044BF59 /* PermissionsWithCombine.swift */ = {isa = PBXFileReference; lastKnownFileType = sourcecode.swift; path = PermissionsWithCombine.swift; sourceTree = "<group>"; };
		924689542B63A594002478EC /* DrawingsView.swift */ = {isa = PBXFileReference; lastKnownFileType = sourcecode.swift; path = DrawingsView.swift; sourceTree = "<group>"; };
		924D788E26EFE5FD0031C283 /* SizeClassView.swift */ = {isa = PBXFileReference; lastKnownFileType = sourcecode.swift; path = SizeClassView.swift; sourceTree = "<group>"; };
		926EDE532861ADA50094F780 /* LazyGridView.swift */ = {isa = PBXFileReference; lastKnownFileType = sourcecode.swift; path = LazyGridView.swift; sourceTree = "<group>"; };
		927192E1287625800098AC39 /* VerticalPagerView.swift */ = {isa = PBXFileReference; lastKnownFileType = sourcecode.swift; path = VerticalPagerView.swift; sourceTree = "<group>"; };
		927192E3287873610098AC39 /* ProgressBarsView.swift */ = {isa = PBXFileReference; lastKnownFileType = sourcecode.swift; path = ProgressBarsView.swift; sourceTree = "<group>"; };
		927192E5287C19140098AC39 /* iOS16BottomSheet.swift */ = {isa = PBXFileReference; lastKnownFileType = sourcecode.swift; path = iOS16BottomSheet.swift; sourceTree = "<group>"; };
		927192E7287F42730098AC39 /* Timer.swift */ = {isa = PBXFileReference; lastKnownFileType = sourcecode.swift; path = Timer.swift; sourceTree = "<group>"; };
		927192EA287FF13C0098AC39 /* GridView.swift */ = {isa = PBXFileReference; lastKnownFileType = sourcecode.swift; path = GridView.swift; sourceTree = "<group>"; };
		927192EF287FFB640098AC39 /* ShareLinkView.swift */ = {isa = PBXFileReference; lastKnownFileType = sourcecode.swift; path = ShareLinkView.swift; sourceTree = "<group>"; };
		928D2B7626C6C08500ABE408 /* MapKitWithLocation.swift */ = {isa = PBXFileReference; lastKnownFileType = sourcecode.swift; path = MapKitWithLocation.swift; sourceTree = "<group>"; };
		928D2B7926C6C16B00ABE408 /* PermissionsExtensions.swift */ = {isa = PBXFileReference; lastKnownFileType = sourcecode.swift; path = PermissionsExtensions.swift; sourceTree = "<group>"; };
		928D2B7C26C6C27400ABE408 /* Permissions.swift */ = {isa = PBXFileReference; lastKnownFileType = sourcecode.swift; path = Permissions.swift; sourceTree = "<group>"; };
		928D2B9B26CAB60F00ABE408 /* LocalNotificationView.swift */ = {isa = PBXFileReference; lastKnownFileType = sourcecode.swift; path = LocalNotificationView.swift; sourceTree = "<group>"; };
		928D2B9D26CAC3FB00ABE408 /* AppDelegate.swift */ = {isa = PBXFileReference; lastKnownFileType = sourcecode.swift; path = AppDelegate.swift; sourceTree = "<group>"; };
		928D2BA026CACEB700ABE408 /* NotificationHandler.swift */ = {isa = PBXFileReference; lastKnownFileType = sourcecode.swift; path = NotificationHandler.swift; sourceTree = "<group>"; };
		928D2BA226CC28AD00ABE408 /* URLSessionWithCombine.swift */ = {isa = PBXFileReference; lastKnownFileType = sourcecode.swift; path = URLSessionWithCombine.swift; sourceTree = "<group>"; };
		929130802B6CBE4800278163 /* MetaBallFallView.swift */ = {isa = PBXFileReference; lastKnownFileType = sourcecode.swift; path = MetaBallFallView.swift; sourceTree = "<group>"; };
		92A0145C270E132500724FB7 /* ObserverPattern.swift */ = {isa = PBXFileReference; lastKnownFileType = sourcecode.swift; path = ObserverPattern.swift; sourceTree = "<group>"; };
		92A68F4E284FAA04007130E8 /* MainMenu.swift */ = {isa = PBXFileReference; lastKnownFileType = sourcecode.swift; path = MainMenu.swift; sourceTree = "<group>"; };
		92A9433B26DB8022003D4C0E /* Haptic.swift */ = {isa = PBXFileReference; lastKnownFileType = sourcecode.swift; path = Haptic.swift; sourceTree = "<group>"; };
		92DC16CA26A61D9800DCA9EB /* SwiftUIPlayground.app */ = {isa = PBXFileReference; explicitFileType = wrapper.application; includeInIndex = 0; path = SwiftUIPlayground.app; sourceTree = BUILT_PRODUCTS_DIR; };
		92DC16CD26A61D9800DCA9EB /* SwiftUIPlaygroundApp.swift */ = {isa = PBXFileReference; lastKnownFileType = sourcecode.swift; path = SwiftUIPlaygroundApp.swift; sourceTree = "<group>"; };
		92DC16D126A61D9900DCA9EB /* Assets.xcassets */ = {isa = PBXFileReference; lastKnownFileType = folder.assetcatalog; path = Assets.xcassets; sourceTree = "<group>"; };
		92DC16D426A61D9900DCA9EB /* Preview Assets.xcassets */ = {isa = PBXFileReference; lastKnownFileType = folder.assetcatalog; path = "Preview Assets.xcassets"; sourceTree = "<group>"; };
		92DC16D626A61D9900DCA9EB /* Info.plist */ = {isa = PBXFileReference; lastKnownFileType = text.plist.xml; path = Info.plist; sourceTree = "<group>"; };
		92DC16DC26A61DF100DCA9EB /* MapKitSample.swift */ = {isa = PBXFileReference; lastKnownFileType = sourcecode.swift; path = MapKitSample.swift; sourceTree = "<group>"; };
		92DC16DE26A61E5E00DCA9EB /* GradientOnImageView.swift */ = {isa = PBXFileReference; lastKnownFileType = sourcecode.swift; path = GradientOnImageView.swift; sourceTree = "<group>"; };
		92DC16E026A61E8A00DCA9EB /* NetworkImage.swift */ = {isa = PBXFileReference; lastKnownFileType = sourcecode.swift; path = NetworkImage.swift; sourceTree = "<group>"; };
		92DC16E426A6201B00DCA9EB /* Colors.swift */ = {isa = PBXFileReference; lastKnownFileType = sourcecode.swift; path = Colors.swift; sourceTree = "<group>"; };
		92DC16E626A6213E00DCA9EB /* BottomSheetView.swift */ = {isa = PBXFileReference; lastKnownFileType = sourcecode.swift; path = BottomSheetView.swift; sourceTree = "<group>"; };
		92DC16E826A6215800DCA9EB /* NetworkMonitoring.swift */ = {isa = PBXFileReference; lastKnownFileType = sourcecode.swift; path = NetworkMonitoring.swift; sourceTree = "<group>"; };
		92DC16EA26A621BB00DCA9EB /* MatchedGeometryEffectAnimation.swift */ = {isa = PBXFileReference; lastKnownFileType = sourcecode.swift; path = MatchedGeometryEffectAnimation.swift; sourceTree = "<group>"; };
		92DC16EC26A621F200DCA9EB /* 3DRotationEffectAnimation.swift */ = {isa = PBXFileReference; lastKnownFileType = sourcecode.swift; path = 3DRotationEffectAnimation.swift; sourceTree = "<group>"; };
		92DC16EE26A6221D00DCA9EB /* PagerView.swift */ = {isa = PBXFileReference; lastKnownFileType = sourcecode.swift; path = PagerView.swift; sourceTree = "<group>"; };
		92DC16F026A6229B00DCA9EB /* CarouselViewModifier.swift */ = {isa = PBXFileReference; lastKnownFileType = sourcecode.swift; path = CarouselViewModifier.swift; sourceTree = "<group>"; };
		92DC16F226A622C600DCA9EB /* InvisibleTappableView.swift */ = {isa = PBXFileReference; lastKnownFileType = sourcecode.swift; path = InvisibleTappableView.swift; sourceTree = "<group>"; };
		92DC16F426A6230C00DCA9EB /* CustomProgressViewStyle.swift */ = {isa = PBXFileReference; lastKnownFileType = sourcecode.swift; path = CustomProgressViewStyle.swift; sourceTree = "<group>"; };
		92E3CE7326D2898D00627309 /* ScrollViewFixedElement.swift */ = {isa = PBXFileReference; lastKnownFileType = sourcecode.swift; path = ScrollViewFixedElement.swift; sourceTree = "<group>"; };
		92EF14302A59D4F2002D57EF /* ButtonStylesSample.swift */ = {isa = PBXFileReference; lastKnownFileType = sourcecode.swift; path = ButtonStylesSample.swift; sourceTree = "<group>"; };
		92F0CB8A29CA13800030AC10 /* LastHackerNewsView.swift */ = {isa = PBXFileReference; lastKnownFileType = sourcecode.swift; path = LastHackerNewsView.swift; sourceTree = "<group>"; };
		92F0CB8C29CAE77D0030AC10 /* HackerNewsState.swift */ = {isa = PBXFileReference; lastKnownFileType = sourcecode.swift; path = HackerNewsState.swift; sourceTree = "<group>"; };
/* End PBXFileReference section */

/* Begin PBXFrameworksBuildPhase section */
		92DC16C726A61D9800DCA9EB /* Frameworks */ = {
			isa = PBXFrameworksBuildPhase;
			buildActionMask = 2147483647;
			files = (
			);
			runOnlyForDeploymentPostprocessing = 0;
		};
/* End PBXFrameworksBuildPhase section */

/* Begin PBXGroup section */
		9204A980284FA70200A5FF2C /* WWDC22 */ = {
			isa = PBXGroup;
			children = (
			);
			path = WWDC22;
			sourceTree = "<group>";
		};
		9204A981284FA7C300A5FF2C /* UnnecessaryNow */ = {
			isa = PBXGroup;
			children = (
				92DC16E026A61E8A00DCA9EB /* NetworkImage.swift */,
				92DC16E626A6213E00DCA9EB /* BottomSheetView.swift */,
			);
			path = UnnecessaryNow;
			sourceTree = "<group>";
		};
		921A47FF288F055D001DDAD0 /* Particles */ = {
			isa = PBXGroup;
			children = (
				921A4800288F056E001DDAD0 /* Particle.swift */,
			);
			path = Particles;
			sourceTree = "<group>";
		};
		927192E0287624A60098AC39 /* Scrollables */ = {
			isa = PBXGroup;
			children = (
				92DC16EE26A6221D00DCA9EB /* PagerView.swift */,
				926EDE532861ADA50094F780 /* LazyGridView.swift */,
				92E3CE7326D2898D00627309 /* ScrollViewFixedElement.swift */,
				92DC16F026A6229B00DCA9EB /* CarouselViewModifier.swift */,
				927192E1287625800098AC39 /* VerticalPagerView.swift */,
			);
			path = Scrollables;
			sourceTree = "<group>";
		};
		927192E9287F428C0098AC39 /* Helpers */ = {
			isa = PBXGroup;
			children = (
				927192E7287F42730098AC39 /* Timer.swift */,
			);
			path = Helpers;
			sourceTree = "<group>";
		};
		927192EC287FF9D10098AC39 /* UISamples */ = {
			isa = PBXGroup;
			children = (
				92DC16F426A6230C00DCA9EB /* CustomProgressViewStyle.swift */,
				92DC16DE26A61E5E00DCA9EB /* GradientOnImageView.swift */,
				927192E5287C19140098AC39 /* iOS16BottomSheet.swift */,
				92DC16F226A622C600DCA9EB /* InvisibleTappableView.swift */,
				924D788E26EFE5FD0031C283 /* SizeClassView.swift */,
				927192E3287873610098AC39 /* ProgressBarsView.swift */,
				927192EA287FF13C0098AC39 /* GridView.swift */,
				927192EF287FFB640098AC39 /* ShareLinkView.swift */,
				921A47F4288ECE69001DDAD0 /* MultiDatePickerView.swift */,
				921A47FB288ED506001DDAD0 /* BabyLevelGradient.swift */,
				921A47FD288EDB77001DDAD0 /* DynamicTypeSizeView.swift */,
				922E9793289E82D5005F3D68 /* OnboardingPagerFlow.swift */,
				92EF14302A59D4F2002D57EF /* ButtonStylesSample.swift */,
			);
			path = UISamples;
			sourceTree = "<group>";
		};
		927192ED287FFA0D0098AC39 /* Logic+Tools */ = {
			isa = PBXGroup;
			children = (
				922065E62B5FCDD40028B04D /* SwiftDataContentView.swift */,
				92DC16E826A6215800DCA9EB /* NetworkMonitoring.swift */,
				928D2BA226CC28AD00ABE408 /* URLSessionWithCombine.swift */,
				92A0145C270E132500724FB7 /* ObserverPattern.swift */,
				921A47F6288ECFD6001DDAD0 /* SearchableScopeView.swift */,
			);
			path = "Logic+Tools";
			sourceTree = "<group>";
		};
		927192EE287FFA590098AC39 /* Animation */ = {
			isa = PBXGroup;
			children = (
				921A47FF288F055D001DDAD0 /* Particles */,
				92DC16EA26A621BB00DCA9EB /* MatchedGeometryEffectAnimation.swift */,
				92DC16EC26A621F200DCA9EB /* 3DRotationEffectAnimation.swift */,
				921416382B04C06B00689022 /* DragNDropDot.swift */,
				922065C82B5F9DB00028B04D /* SimpleAnimation.swift */,
				924689542B63A594002478EC /* DrawingsView.swift */,
				929130802B6CBE4800278163 /* MetaBallFallView.swift */,
			);
			path = Animation;
			sourceTree = "<group>";
		};
		928D2B7826C6C0F200ABE408 /* Locations */ = {
			isa = PBXGroup;
			children = (
				92DC16DC26A61DF100DCA9EB /* MapKitSample.swift */,
				928D2B7626C6C08500ABE408 /* MapKitWithLocation.swift */,
				928D2B7926C6C16B00ABE408 /* PermissionsExtensions.swift */,
			);
			path = Locations;
			sourceTree = "<group>";
		};
		928D2B7B26C6C26B00ABE408 /* Permissions */ = {
			isa = PBXGroup;
			children = (
				923D9BE526C0009E0044BF59 /* PermissionsWithCombine.swift */,
				928D2B7C26C6C27400ABE408 /* Permissions.swift */,
			);
			path = Permissions;
			sourceTree = "<group>";
		};
		928D2B9F26CACEA900ABE408 /* Notifications */ = {
			isa = PBXGroup;
			children = (
				928D2B9B26CAB60F00ABE408 /* LocalNotificationView.swift */,
				928D2BA026CACEB700ABE408 /* NotificationHandler.swift */,
			);
			path = Notifications;
			sourceTree = "<group>";
		};
		92DC16C126A61D9800DCA9EB = {
			isa = PBXGroup;
			children = (
				92DC16CC26A61D9800DCA9EB /* SwiftUIPlayground */,
				92DC16CB26A61D9800DCA9EB /* Products */,
			);
			sourceTree = "<group>";
		};
		92DC16CB26A61D9800DCA9EB /* Products */ = {
			isa = PBXGroup;
			children = (
				92DC16CA26A61D9800DCA9EB /* SwiftUIPlayground.app */,
			);
			name = Products;
			sourceTree = "<group>";
		};
		92DC16CC26A61D9800DCA9EB /* SwiftUIPlayground */ = {
			isa = PBXGroup;
			children = (
				92F0CB8929CA136C0030AC10 /* HackerNews */,
				927192E9287F428C0098AC39 /* Helpers */,
				9204A981284FA7C300A5FF2C /* UnnecessaryNow */,
				9204A980284FA70200A5FF2C /* WWDC22 */,
				928D2B9F26CACEA900ABE408 /* Notifications */,
				928D2B7B26C6C26B00ABE408 /* Permissions */,
				928D2B7826C6C0F200ABE408 /* Locations */,
				92DC16CD26A61D9800DCA9EB /* SwiftUIPlaygroundApp.swift */,
				92DC16D126A61D9900DCA9EB /* Assets.xcassets */,
				92DC16D626A61D9900DCA9EB /* Info.plist */,
				92DC16D326A61D9900DCA9EB /* Preview Content */,
				927192E0287624A60098AC39 /* Scrollables */,
				927192ED287FFA0D0098AC39 /* Logic+Tools */,
				927192EE287FFA590098AC39 /* Animation */,
				927192EC287FF9D10098AC39 /* UISamples */,
				92DC16E426A6201B00DCA9EB /* Colors.swift */,
				92A9433B26DB8022003D4C0E /* Haptic.swift */,
				928D2B9D26CAC3FB00ABE408 /* AppDelegate.swift */,
				92A68F4E284FAA04007130E8 /* MainMenu.swift */,
				921A47F8288ED127001DDAD0 /* searchableInbox.json */,
				921A47FA288ED155001DDAD0 /* searchableFavorites.json */,
			);
			path = SwiftUIPlayground;
			sourceTree = "<group>";
		};
		92DC16D326A61D9900DCA9EB /* Preview Content */ = {
			isa = PBXGroup;
			children = (
				92DC16D426A61D9900DCA9EB /* Preview Assets.xcassets */,
			);
			path = "Preview Content";
			sourceTree = "<group>";
		};
		92F0CB8929CA136C0030AC10 /* HackerNews */ = {
			isa = PBXGroup;
			children = (
				92F0CB8A29CA13800030AC10 /* LastHackerNewsView.swift */,
				92F0CB8C29CAE77D0030AC10 /* HackerNewsState.swift */,
			);
			path = HackerNews;
			sourceTree = "<group>";
		};
/* End PBXGroup section */

/* Begin PBXNativeTarget section */
		92DC16C926A61D9800DCA9EB /* SwiftUIPlayground */ = {
			isa = PBXNativeTarget;
			buildConfigurationList = 92DC16D926A61D9900DCA9EB /* Build configuration list for PBXNativeTarget "SwiftUIPlayground" */;
			buildPhases = (
				92DC16C626A61D9800DCA9EB /* Sources */,
				92DC16C726A61D9800DCA9EB /* Frameworks */,
				92DC16C826A61D9800DCA9EB /* Resources */,
				92DD420426DA728B0058F35F /* Embed Frameworks */,
			);
			buildRules = (
			);
			dependencies = (
			);
			name = SwiftUIPlayground;
			packageProductDependencies = (
			);
			productName = SwiftUIPlayground;
			productReference = 92DC16CA26A61D9800DCA9EB /* SwiftUIPlayground.app */;
			productType = "com.apple.product-type.application";
		};
/* End PBXNativeTarget section */

/* Begin PBXProject section */
		92DC16C226A61D9800DCA9EB /* Project object */ = {
			isa = PBXProject;
			attributes = {
				LastSwiftUpdateCheck = 1250;
				LastUpgradeCheck = 1250;
				TargetAttributes = {
					92DC16C926A61D9800DCA9EB = {
						CreatedOnToolsVersion = 12.5.1;
					};
				};
			};
			buildConfigurationList = 92DC16C526A61D9800DCA9EB /* Build configuration list for PBXProject "SwiftUIPlayground" */;
			compatibilityVersion = "Xcode 9.3";
			developmentRegion = en;
			hasScannedForEncodings = 0;
			knownRegions = (
				en,
				Base,
			);
			mainGroup = 92DC16C126A61D9800DCA9EB;
			packageReferences = (
				92DD420026DA71050058F35F /* XCRemoteSwiftPackageReference "ConfettiSwiftUI" */,
			);
			productRefGroup = 92DC16CB26A61D9800DCA9EB /* Products */;
			projectDirPath = "";
			projectRoot = "";
			targets = (
				92DC16C926A61D9800DCA9EB /* SwiftUIPlayground */,
			);
		};
/* End PBXProject section */

/* Begin PBXResourcesBuildPhase section */
		92DC16C826A61D9800DCA9EB /* Resources */ = {
			isa = PBXResourcesBuildPhase;
			buildActionMask = 2147483647;
			files = (
				921A47F9288ED127001DDAD0 /* searchableInbox.json in Resources */,
				92DC16D526A61D9900DCA9EB /* Preview Assets.xcassets in Resources */,
				92DC16D226A61D9900DCA9EB /* Assets.xcassets in Resources */,
			);
			runOnlyForDeploymentPostprocessing = 0;
		};
/* End PBXResourcesBuildPhase section */

/* Begin PBXSourcesBuildPhase section */
		92DC16C626A61D9800DCA9EB /* Sources */ = {
			isa = PBXSourcesBuildPhase;
			buildActionMask = 2147483647;
			files = (
				928D2B7A26C6C16B00ABE408 /* PermissionsExtensions.swift in Sources */,
				929130812B6CBE4800278163 /* MetaBallFallView.swift in Sources */,
				92DC16E926A6215800DCA9EB /* NetworkMonitoring.swift in Sources */,
				92DC16ED26A621F200DCA9EB /* 3DRotationEffectAnimation.swift in Sources */,
				92E3CE7426D2898D00627309 /* ScrollViewFixedElement.swift in Sources */,
				928D2BA126CACEB700ABE408 /* NotificationHandler.swift in Sources */,
				92F0CB8B29CA13800030AC10 /* LastHackerNewsView.swift in Sources */,
				921A4801288F056E001DDAD0 /* Particle.swift in Sources */,
				92A9433C26DB8022003D4C0E /* Haptic.swift in Sources */,
				922065E72B5FCDD40028B04D /* SwiftDataContentView.swift in Sources */,
				92DC16E726A6213E00DCA9EB /* BottomSheetView.swift in Sources */,
				927192E8287F42730098AC39 /* Timer.swift in Sources */,
				921A47F5288ECE69001DDAD0 /* MultiDatePickerView.swift in Sources */,
				92DC16EF26A6221D00DCA9EB /* PagerView.swift in Sources */,
				92F0CB8D29CAE77D0030AC10 /* HackerNewsState.swift in Sources */,
				928D2B7726C6C08500ABE408 /* MapKitWithLocation.swift in Sources */,
				927192EB287FF13C0098AC39 /* GridView.swift in Sources */,
				92EF14312A59D4F2002D57EF /* ButtonStylesSample.swift in Sources */,
				92DC16F526A6230C00DCA9EB /* CustomProgressViewStyle.swift in Sources */,
				926EDE542861ADA50094F780 /* LazyGridView.swift in Sources */,
				922065C92B5F9DB00028B04D /* SimpleAnimation.swift in Sources */,
				921A47FC288ED506001DDAD0 /* BabyLevelGradient.swift in Sources */,
				92DC16E126A61E8A00DCA9EB /* NetworkImage.swift in Sources */,
				92DC16F126A6229B00DCA9EB /* CarouselViewModifier.swift in Sources */,
				92DC16E526A6201B00DCA9EB /* Colors.swift in Sources */,
				928D2BA326CC28AD00ABE408 /* URLSessionWithCombine.swift in Sources */,
				92DC16DF26A61E5E00DCA9EB /* GradientOnImageView.swift in Sources */,
				928D2B7D26C6C27400ABE408 /* Permissions.swift in Sources */,
				92DC16EB26A621BB00DCA9EB /* MatchedGeometryEffectAnimation.swift in Sources */,
				928D2B9C26CAB60F00ABE408 /* LocalNotificationView.swift in Sources */,
				922E9794289E82D5005F3D68 /* OnboardingPagerFlow.swift in Sources */,
				92A68F4F284FAA04007130E8 /* MainMenu.swift in Sources */,
				921A47FE288EDB77001DDAD0 /* DynamicTypeSizeView.swift in Sources */,
				927192E4287873610098AC39 /* ProgressBarsView.swift in Sources */,
				924D788F26EFE5FD0031C283 /* SizeClassView.swift in Sources */,
				927192E2287625800098AC39 /* VerticalPagerView.swift in Sources */,
				924689552B63A594002478EC /* DrawingsView.swift in Sources */,
				921A47F7288ECFD6001DDAD0 /* SearchableScopeView.swift in Sources */,
				923D9BE626C0009E0044BF59 /* PermissionsWithCombine.swift in Sources */,
				927192E6287C19140098AC39 /* iOS16BottomSheet.swift in Sources */,
				92DC16F326A622C600DCA9EB /* InvisibleTappableView.swift in Sources */,
				921416392B04C06B00689022 /* DragNDropDot.swift in Sources */,
				928D2B9E26CAC3FB00ABE408 /* AppDelegate.swift in Sources */,
				92A0145D270E132500724FB7 /* ObserverPattern.swift in Sources */,
				92DC16DD26A61DF100DCA9EB /* MapKitSample.swift in Sources */,
				927192F0287FFB640098AC39 /* ShareLinkView.swift in Sources */,
				92DC16CE26A61D9800DCA9EB /* SwiftUIPlaygroundApp.swift in Sources */,
			);
			runOnlyForDeploymentPostprocessing = 0;
		};
/* End PBXSourcesBuildPhase section */

/* Begin XCBuildConfiguration section */
		92DC16D726A61D9900DCA9EB /* Debug */ = {
			isa = XCBuildConfiguration;
			buildSettings = {
				ALWAYS_SEARCH_USER_PATHS = NO;
				CLANG_ANALYZER_NONNULL = YES;
				CLANG_ANALYZER_NUMBER_OBJECT_CONVERSION = YES_AGGRESSIVE;
				CLANG_CXX_LANGUAGE_STANDARD = "gnu++14";
				CLANG_CXX_LIBRARY = "libc++";
				CLANG_ENABLE_MODULES = YES;
				CLANG_ENABLE_OBJC_ARC = YES;
				CLANG_ENABLE_OBJC_WEAK = YES;
				CLANG_WARN_BLOCK_CAPTURE_AUTORELEASING = YES;
				CLANG_WARN_BOOL_CONVERSION = YES;
				CLANG_WARN_COMMA = YES;
				CLANG_WARN_CONSTANT_CONVERSION = YES;
				CLANG_WARN_DEPRECATED_OBJC_IMPLEMENTATIONS = YES;
				CLANG_WARN_DIRECT_OBJC_ISA_USAGE = YES_ERROR;
				CLANG_WARN_DOCUMENTATION_COMMENTS = YES;
				CLANG_WARN_EMPTY_BODY = YES;
				CLANG_WARN_ENUM_CONVERSION = YES;
				CLANG_WARN_INFINITE_RECURSION = YES;
				CLANG_WARN_INT_CONVERSION = YES;
				CLANG_WARN_NON_LITERAL_NULL_CONVERSION = YES;
				CLANG_WARN_OBJC_IMPLICIT_RETAIN_SELF = YES;
				CLANG_WARN_OBJC_LITERAL_CONVERSION = YES;
				CLANG_WARN_OBJC_ROOT_CLASS = YES_ERROR;
				CLANG_WARN_QUOTED_INCLUDE_IN_FRAMEWORK_HEADER = YES;
				CLANG_WARN_RANGE_LOOP_ANALYSIS = YES;
				CLANG_WARN_STRICT_PROTOTYPES = YES;
				CLANG_WARN_SUSPICIOUS_MOVE = YES;
				CLANG_WARN_UNGUARDED_AVAILABILITY = YES_AGGRESSIVE;
				CLANG_WARN_UNREACHABLE_CODE = YES;
				CLANG_WARN__DUPLICATE_METHOD_MATCH = YES;
				COPY_PHASE_STRIP = NO;
				DEBUG_INFORMATION_FORMAT = dwarf;
				ENABLE_STRICT_OBJC_MSGSEND = YES;
				ENABLE_TESTABILITY = YES;
				GCC_C_LANGUAGE_STANDARD = gnu11;
				GCC_DYNAMIC_NO_PIC = NO;
				GCC_NO_COMMON_BLOCKS = YES;
				GCC_OPTIMIZATION_LEVEL = 0;
				GCC_PREPROCESSOR_DEFINITIONS = (
					"DEBUG=1",
					"$(inherited)",
				);
				GCC_WARN_64_TO_32_BIT_CONVERSION = YES;
				GCC_WARN_ABOUT_RETURN_TYPE = YES_ERROR;
				GCC_WARN_UNDECLARED_SELECTOR = YES;
				GCC_WARN_UNINITIALIZED_AUTOS = YES_AGGRESSIVE;
				GCC_WARN_UNUSED_FUNCTION = YES;
				GCC_WARN_UNUSED_VARIABLE = YES;
				IPHONEOS_DEPLOYMENT_TARGET = 14.5;
				MTL_ENABLE_DEBUG_INFO = INCLUDE_SOURCE;
				MTL_FAST_MATH = YES;
				ONLY_ACTIVE_ARCH = YES;
				SDKROOT = iphoneos;
				SWIFT_ACTIVE_COMPILATION_CONDITIONS = DEBUG;
				SWIFT_OPTIMIZATION_LEVEL = "-Onone";
			};
			name = Debug;
		};
		92DC16D826A61D9900DCA9EB /* Release */ = {
			isa = XCBuildConfiguration;
			buildSettings = {
				ALWAYS_SEARCH_USER_PATHS = NO;
				CLANG_ANALYZER_NONNULL = YES;
				CLANG_ANALYZER_NUMBER_OBJECT_CONVERSION = YES_AGGRESSIVE;
				CLANG_CXX_LANGUAGE_STANDARD = "gnu++14";
				CLANG_CXX_LIBRARY = "libc++";
				CLANG_ENABLE_MODULES = YES;
				CLANG_ENABLE_OBJC_ARC = YES;
				CLANG_ENABLE_OBJC_WEAK = YES;
				CLANG_WARN_BLOCK_CAPTURE_AUTORELEASING = YES;
				CLANG_WARN_BOOL_CONVERSION = YES;
				CLANG_WARN_COMMA = YES;
				CLANG_WARN_CONSTANT_CONVERSION = YES;
				CLANG_WARN_DEPRECATED_OBJC_IMPLEMENTATIONS = YES;
				CLANG_WARN_DIRECT_OBJC_ISA_USAGE = YES_ERROR;
				CLANG_WARN_DOCUMENTATION_COMMENTS = YES;
				CLANG_WARN_EMPTY_BODY = YES;
				CLANG_WARN_ENUM_CONVERSION = YES;
				CLANG_WARN_INFINITE_RECURSION = YES;
				CLANG_WARN_INT_CONVERSION = YES;
				CLANG_WARN_NON_LITERAL_NULL_CONVERSION = YES;
				CLANG_WARN_OBJC_IMPLICIT_RETAIN_SELF = YES;
				CLANG_WARN_OBJC_LITERAL_CONVERSION = YES;
				CLANG_WARN_OBJC_ROOT_CLASS = YES_ERROR;
				CLANG_WARN_QUOTED_INCLUDE_IN_FRAMEWORK_HEADER = YES;
				CLANG_WARN_RANGE_LOOP_ANALYSIS = YES;
				CLANG_WARN_STRICT_PROTOTYPES = YES;
				CLANG_WARN_SUSPICIOUS_MOVE = YES;
				CLANG_WARN_UNGUARDED_AVAILABILITY = YES_AGGRESSIVE;
				CLANG_WARN_UNREACHABLE_CODE = YES;
				CLANG_WARN__DUPLICATE_METHOD_MATCH = YES;
				COPY_PHASE_STRIP = NO;
				DEBUG_INFORMATION_FORMAT = "dwarf-with-dsym";
				ENABLE_NS_ASSERTIONS = NO;
				ENABLE_STRICT_OBJC_MSGSEND = YES;
				GCC_C_LANGUAGE_STANDARD = gnu11;
				GCC_NO_COMMON_BLOCKS = YES;
				GCC_WARN_64_TO_32_BIT_CONVERSION = YES;
				GCC_WARN_ABOUT_RETURN_TYPE = YES_ERROR;
				GCC_WARN_UNDECLARED_SELECTOR = YES;
				GCC_WARN_UNINITIALIZED_AUTOS = YES_AGGRESSIVE;
				GCC_WARN_UNUSED_FUNCTION = YES;
				GCC_WARN_UNUSED_VARIABLE = YES;
				IPHONEOS_DEPLOYMENT_TARGET = 14.5;
				MTL_ENABLE_DEBUG_INFO = NO;
				MTL_FAST_MATH = YES;
				SDKROOT = iphoneos;
				SWIFT_COMPILATION_MODE = wholemodule;
				SWIFT_OPTIMIZATION_LEVEL = "-O";
				VALIDATE_PRODUCT = YES;
			};
			name = Release;
		};
		92DC16DA26A61D9900DCA9EB /* Debug */ = {
			isa = XCBuildConfiguration;
			buildSettings = {
				ASSETCATALOG_COMPILER_APPICON_NAME = AppIcon;
				ASSETCATALOG_COMPILER_GLOBAL_ACCENT_COLOR_NAME = AccentColor;
				CODE_SIGN_STYLE = Automatic;
				DEVELOPMENT_ASSET_PATHS = "\"SwiftUIPlayground/Preview Content\"";
				DEVELOPMENT_TEAM = NY3J9KV3S9;
				ENABLE_PREVIEWS = YES;
				INFOPLIST_FILE = SwiftUIPlayground/Info.plist;
				IPHONEOS_DEPLOYMENT_TARGET = 16.0;
				LD_RUNPATH_SEARCH_PATHS = (
					"$(inherited)",
					"@executable_path/Frameworks",
				);
				PRODUCT_BUNDLE_IDENTIFIER = com.async.SwiftUIPlayground;
				PRODUCT_NAME = "$(TARGET_NAME)";
				SUPPORTED_PLATFORMS = "iphoneos iphonesimulator";
				SUPPORTS_MACCATALYST = NO;
				SUPPORTS_MAC_DESIGNED_FOR_IPHONE_IPAD = NO;
				SWIFT_VERSION = 5.0;
				TARGETED_DEVICE_FAMILY = 1;
			};
			name = Debug;
		};
		92DC16DB26A61D9900DCA9EB /* Release */ = {
			isa = XCBuildConfiguration;
			buildSettings = {
				ASSETCATALOG_COMPILER_APPICON_NAME = AppIcon;
				ASSETCATALOG_COMPILER_GLOBAL_ACCENT_COLOR_NAME = AccentColor;
				CODE_SIGN_STYLE = Automatic;
				DEVELOPMENT_ASSET_PATHS = "\"SwiftUIPlayground/Preview Content\"";
				DEVELOPMENT_TEAM = NY3J9KV3S9;
				ENABLE_PREVIEWS = YES;
				INFOPLIST_FILE = SwiftUIPlayground/Info.plist;
				IPHONEOS_DEPLOYMENT_TARGET = 16.0;
				LD_RUNPATH_SEARCH_PATHS = (
					"$(inherited)",
					"@executable_path/Frameworks",
				);
				PRODUCT_BUNDLE_IDENTIFIER = com.async.SwiftUIPlayground;
				PRODUCT_NAME = "$(TARGET_NAME)";
				SUPPORTED_PLATFORMS = "iphoneos iphonesimulator";
				SUPPORTS_MACCATALYST = NO;
				SUPPORTS_MAC_DESIGNED_FOR_IPHONE_IPAD = NO;
				SWIFT_VERSION = 5.0;
				TARGETED_DEVICE_FAMILY = 1;
			};
			name = Release;
		};
/* End XCBuildConfiguration section */

/* Begin XCConfigurationList section */
		92DC16C526A61D9800DCA9EB /* Build configuration list for PBXProject "SwiftUIPlayground" */ = {
			isa = XCConfigurationList;
			buildConfigurations = (
				92DC16D726A61D9900DCA9EB /* Debug */,
				92DC16D826A61D9900DCA9EB /* Release */,
			);
			defaultConfigurationIsVisible = 0;
			defaultConfigurationName = Release;
		};
		92DC16D926A61D9900DCA9EB /* Build configuration list for PBXNativeTarget "SwiftUIPlayground" */ = {
			isa = XCConfigurationList;
			buildConfigurations = (
				92DC16DA26A61D9900DCA9EB /* Debug */,
				92DC16DB26A61D9900DCA9EB /* Release */,
			);
			defaultConfigurationIsVisible = 0;
			defaultConfigurationName = Release;
		};
/* End XCConfigurationList section */

/* Begin XCRemoteSwiftPackageReference section */
		92DD420026DA71050058F35F /* XCRemoteSwiftPackageReference "ConfettiSwiftUI" */ = {
			isa = XCRemoteSwiftPackageReference;
			repositoryURL = "https://github.com/simibac/ConfettiSwiftUI";
			requirement = {
				kind = upToNextMajorVersion;
				minimumVersion = 0.2.1;
			};
		};
/* End XCRemoteSwiftPackageReference section */
	};
	rootObject = 92DC16C226A61D9800DCA9EB /* Project object */;
}
